
Microsoft Visual Studio Solution File, Format Version 12.00
# Visual Studio Version 17
VisualStudioVersion = 17.1.32203.90
MinimumVisualStudioVersion = 10.0.40219.1
Project("{9A19103F-16F7-4668-BE54-9A1E7A4F7556}") = "CustomerService.Api", "CustomerService.Api\CustomerService.Api.csproj", "{D659B7C3-D146-4156-A0F4-405DF068DC5C}"
EndProject
Project("{9A19103F-16F7-4668-BE54-9A1E7A4F7556}") = "CustomerService.Data", "CustomerService.Data\CustomerService.Data.csproj", "{1C981CC7-F546-4060-B919-464F03BC869E}"
EndProject
Project("{9A19103F-16F7-4668-BE54-9A1E7A4F7556}") = "CustomerService.Domain", "CustomerService.Domain\CustomerService.Domain.csproj", "{16C6675F-3BB1-415B-9F39-C6DADA141224}"
EndProject
Global
	GlobalSection(SolutionConfigurationPlatforms) = preSolution
		Debug|Any CPU = Debug|Any CPU
		Release|Any CPU = Release|Any CPU
	EndGlobalSection
	GlobalSection(ProjectConfigurationPlatforms) = postSolution
		{D659B7C3-D146-4156-A0F4-405DF068DC5C}.Debug|Any CPU.ActiveCfg = Debug|Any CPU
		{D659B7C3-D146-4156-A0F4-405DF068DC5C}.Debug|Any CPU.Build.0 = Debug|Any CPU
		{D659B7C3-D146-4156-A0F4-405DF068DC5C}.Release|Any CPU.ActiveCfg = Release|Any CPU
		{D659B7C3-D146-4156-A0F4-405DF068DC5C}.Release|Any CPU.Build.0 = Release|Any CPU
		{1C981CC7-F546-4060-B919-464F03BC869E}.Debug|Any CPU.ActiveCfg = Debug|Any CPU
		{1C981CC7-F546-4060-B919-464F03BC869E}.Debug|Any CPU.Build.0 = Debug|Any CPU
		{1C981CC7-F546-4060-B919-464F03BC869E}.Release|Any CPU.ActiveCfg = Release|Any CPU
		{1C981CC7-F546-4060-B919-464F03BC869E}.Release|Any CPU.Build.0 = Release|Any CPU
		{16C6675F-3BB1-415B-9F39-C6DADA141224}.Debug|Any CPU.ActiveCfg = Debug|Any CPU
		{16C6675F-3BB1-415B-9F39-C6DADA141224}.Debug|Any CPU.Build.0 = Debug|Any CPU
		{16C6675F-3BB1-415B-9F39-C6DADA141224}.Release|Any CPU.ActiveCfg = Release|Any CPU
		{16C6675F-3BB1-415B-9F39-C6DADA141224}.Release|Any CPU.Build.0 = Release|Any CPU
	EndGlobalSection
	GlobalSection(SolutionProperties) = preSolution
		HideSolutionNode = FALSE
	EndGlobalSection
	GlobalSection(ExtensibilityGlobals) = postSolution
		SolutionGuid = {E41377DF-2DA3-4192-9BE1-11E01E55DEDB}
	EndGlobalSection
EndGlobal
